{
    "_readme": [
        "This file locks the dependencies of your project to a known state",
        "Read more about it at https://getcomposer.org/doc/01-basic-usage.md#installing-dependencies",
        "This file is @generated automatically"
    ],
    "content-hash": "f825267f57bd231e466e05f4c27585b1",
    "packages": [
        {
            "name": "amphp/amp",
            "version": "v3.x-dev",
            "source": {
                "type": "git",
                "url": "https://github.com/amphp/amp.git",
                "reference": "dc327dd458a69ee0a86faa37f32db257988c0646"
            },
            "dist": {
                "type": "zip",
                "url": "https://api.github.com/repos/amphp/amp/zipball/dc327dd458a69ee0a86faa37f32db257988c0646",
                "reference": "dc327dd458a69ee0a86faa37f32db257988c0646",
                "shasum": ""
            },
            "require": {
                "php": ">=8.1",
                "revolt/event-loop": "^0.2 || ^0.1"
            },
            "require-dev": {
                "amphp/php-cs-fixer-config": "^2-dev",
                "amphp/phpunit-util": "^3",
                "ext-json": "*",
                "phpunit/phpunit": "^9",
                "psalm/phar": "^4.13"
            },
            "type": "library",
            "extra": {
                "branch-alias": {
                    "dev-master": "2.x-dev"
                }
            },
            "autoload": {
                "files": [
                    "src/functions.php",
                    "src/Future/functions.php",
                    "src/Internal/functions.php"
                ],
                "psr-4": {
                    "Amp\\": "src"
                }
            },
            "notification-url": "https://packagist.org/downloads/",
            "license": [
                "MIT"
            ],
            "authors": [
                {
                    "name": "Aaron Piotrowski",
                    "email": "aaron@trowski.com"
                },
                {
                    "name": "Bob Weinand",
                    "email": "bobwei9@hotmail.com"
                },
                {
                    "name": "Niklas Keller",
                    "email": "me@kelunik.com"
                },
                {
                    "name": "Daniel Lowrey",
                    "email": "rdlowrey@php.net"
                }
            ],
            "description": "A non-blocking concurrency framework for PHP applications.",
            "homepage": "https://amphp.org/amp",
            "keywords": [
                "async",
                "asynchronous",
                "awaitable",
                "concurrency",
                "event",
                "event-loop",
                "future",
                "non-blocking",
                "promise"
            ],
            "support": {
                "issues": "https://github.com/amphp/amp/issues",
                "source": "https://github.com/amphp/amp/tree/v3"
            },
            "funding": [
                {
                    "url": "https://github.com/amphp",
                    "type": "github"
                }
            ],
            "time": "2022-04-03T16:28:42+00:00"
        },
        {
            "name": "amphp/byte-stream",
            "version": "v2.x-dev",
            "source": {
                "type": "git",
                "url": "https://github.com/amphp/byte-stream.git",
                "reference": "00adeed1340e79ce5851c4b0d275afb2004854a1"
            },
            "dist": {
                "type": "zip",
                "url": "https://api.github.com/repos/amphp/byte-stream/zipball/00adeed1340e79ce5851c4b0d275afb2004854a1",
                "reference": "00adeed1340e79ce5851c4b0d275afb2004854a1",
                "shasum": ""
            },
            "require": {
                "amphp/amp": "^3",
                "amphp/parser": "^1",
                "amphp/pipeline": "^1",
                "amphp/serialization": "^1",
                "amphp/sync": "^2",
                "php": ">=8.1",
                "revolt/event-loop": "^0.2.3"
            },
            "require-dev": {
                "amphp/php-cs-fixer-config": "^2-dev",
                "amphp/phpunit-util": "^3",
                "jetbrains/phpstorm-stubs": "^2019.3",
                "phpunit/phpunit": "^9",
                "psalm/phar": "^4.15"
            },
            "type": "library",
            "extra": {
                "branch-alias": {
                    "dev-master": "1.x-dev"
                }
            },
            "autoload": {
                "files": [
                    "src/functions.php"
                ],
                "psr-4": {
                    "Amp\\ByteStream\\": "src"
                }
            },
            "notification-url": "https://packagist.org/downloads/",
            "license": [
                "MIT"
            ],
            "authors": [
                {
                    "name": "Aaron Piotrowski",
                    "email": "aaron@trowski.com"
                },
                {
                    "name": "Niklas Keller",
                    "email": "me@kelunik.com"
                }
            ],
            "description": "A stream abstraction to make working with non-blocking I/O simple.",
            "homepage": "https://amphp.org/byte-stream",
            "keywords": [
                "amp",
                "amphp",
                "async",
                "io",
                "non-blocking",
                "stream"
            ],
            "support": {
                "issues": "https://github.com/amphp/byte-stream/issues",
                "source": "https://github.com/amphp/byte-stream/tree/v2"
            },
            "funding": [
                {
                    "url": "https://github.com/amphp",
                    "type": "github"
                }
            ],
            "time": "2022-04-03T17:06:46+00:00"
        },
        {
            "name": "amphp/cache",
            "version": "v2.x-dev",
            "source": {
                "type": "git",
                "url": "https://github.com/amphp/cache.git",
                "reference": "4c231a40ff9218c3003b1639e9a490b0851dcabc"
            },
            "dist": {
                "type": "zip",
                "url": "https://api.github.com/repos/amphp/cache/zipball/4c231a40ff9218c3003b1639e9a490b0851dcabc",
                "reference": "4c231a40ff9218c3003b1639e9a490b0851dcabc",
                "shasum": ""
            },
            "require": {
                "amphp/amp": "^3",
                "amphp/serialization": "^1",
                "amphp/sync": "^2",
                "php": ">=8",
                "revolt/event-loop": "^0.2"
            },
            "require-dev": {
                "amphp/php-cs-fixer-config": "^2-dev",
                "amphp/phpunit-util": "^3",
                "phpunit/phpunit": "^9",
                "psalm/phar": "^4.15"
            },
            "type": "library",
            "autoload": {
                "psr-4": {
                    "Amp\\Cache\\": "src"
                }
            },
            "notification-url": "https://packagist.org/downloads/",
            "license": [
                "MIT"
            ],
            "authors": [
                {
                    "name": "Niklas Keller",
                    "email": "me@kelunik.com"
                },
                {
                    "name": "Aaron Piotrowski",
                    "email": "aaron@trowski.com"
                },
                {
                    "name": "Daniel Lowrey",
                    "email": "rdlowrey@php.net"
                }
            ],
            "description": "A promise-aware caching API for Amp.",
            "homepage": "https://github.com/amphp/cache",
            "support": {
                "issues": "https://github.com/amphp/cache/issues",
                "source": "https://github.com/amphp/cache/tree/v2"
            },
            "funding": [
                {
                    "url": "https://github.com/amphp",
                    "type": "github"
                }
            ],
            "time": "2022-02-03T21:00:40+00:00"
        },
        {
            "name": "amphp/dns",
            "version": "v2.x-dev",
            "source": {
                "type": "git",
                "url": "https://github.com/amphp/dns.git",
                "reference": "30b2247dbb55ffe684e145eceeba94a4fe703891"
            },
            "dist": {
                "type": "zip",
                "url": "https://api.github.com/repos/amphp/dns/zipball/30b2247dbb55ffe684e145eceeba94a4fe703891",
                "reference": "30b2247dbb55ffe684e145eceeba94a4fe703891",
                "shasum": ""
            },
            "require": {
                "amphp/amp": "^3",
                "amphp/byte-stream": "^2",
                "amphp/cache": "^2",
                "amphp/parser": "^1",
                "amphp/windows-registry": "^1",
                "daverandom/libdns": "^2.0.2",
                "ext-filter": "*",
                "ext-json": "*",
                "php": ">=8.1",
                "revolt/event-loop": "^0.2"
            },
            "require-dev": {
                "amphp/php-cs-fixer-config": "^2-dev",
                "amphp/phpunit-util": "^3",
                "phpunit/phpunit": "^9",
                "psalm/phar": "^4.20"
            },
            "type": "library",
            "autoload": {
                "files": [
                    "src/functions.php"
                ],
                "psr-4": {
                    "Amp\\Dns\\": "src"
                }
            },
            "notification-url": "https://packagist.org/downloads/",
            "license": [
                "MIT"
            ],
            "authors": [
                {
                    "name": "Chris Wright",
                    "email": "addr@daverandom.com"
                },
                {
                    "name": "Daniel Lowrey",
                    "email": "rdlowrey@php.net"
                },
                {
                    "name": "Bob Weinand",
                    "email": "bobwei9@hotmail.com"
                },
                {
                    "name": "Niklas Keller",
                    "email": "me@kelunik.com"
                },
                {
                    "name": "Aaron Piotrowski",
                    "email": "aaron@trowski.com"
                }
            ],
            "description": "Async DNS resolution for Amp.",
            "homepage": "https://github.com/amphp/dns",
            "keywords": [
                "amp",
                "amphp",
                "async",
                "client",
                "dns",
                "resolve"
            ],
            "support": {
                "issues": "https://github.com/amphp/dns/issues",
                "source": "https://github.com/amphp/dns/tree/v2"
            },
            "funding": [
                {
                    "url": "https://github.com/amphp",
                    "type": "github"
                }
            ],
            "time": "2022-02-22T23:21:48+00:00"
        },
        {
            "name": "amphp/hpack",
            "version": "dev-master",
            "source": {
                "type": "git",
                "url": "https://github.com/amphp/hpack.git",
                "reference": "cf4f1663e9fd58f60258c06177098655ca6377a5"
            },
            "dist": {
                "type": "zip",
                "url": "https://api.github.com/repos/amphp/hpack/zipball/cf4f1663e9fd58f60258c06177098655ca6377a5",
                "reference": "cf4f1663e9fd58f60258c06177098655ca6377a5",
                "shasum": ""
            },
            "require": {
                "php": ">=7.1"
            },
            "require-dev": {
                "amphp/php-cs-fixer-config": "dev-master",
                "http2jp/hpack-test-case": "^1",
                "phpunit/phpunit": "^6 | ^7"
            },
            "default-branch": true,
            "type": "library",
            "extra": {
                "branch-alias": {
                    "dev-master": "3.x-dev"
                }
            },
            "autoload": {
                "psr-4": {
                    "Amp\\Http\\": "src"
                }
            },
            "notification-url": "https://packagist.org/downloads/",
            "license": [
                "MIT"
            ],
            "authors": [
                {
                    "name": "Daniel Lowrey",
                    "email": "rdlowrey@php.net"
                },
                {
                    "name": "Bob Weinand"
                },
                {
                    "name": "Niklas Keller",
                    "email": "me@kelunik.com"
                },
                {
                    "name": "Aaron Piotrowski",
                    "email": "aaron@trowski.com"
                }
            ],
            "description": "HTTP/2 HPack implementation.",
            "homepage": "https://github.com/amphp/hpack",
            "keywords": [
                "headers",
                "hpack",
                "http-2"
            ],
            "support": {
                "issues": "https://github.com/amphp/hpack/issues",
                "source": "https://github.com/amphp/hpack/tree/v3.1.1"
            },
            "funding": [
                {
                    "url": "https://github.com/amphp",
                    "type": "github"
                }
            ],
            "time": "2021-06-11T20:03:34+00:00"
        },
        {
            "name": "amphp/http",
            "version": "dev-master",
            "source": {
                "type": "git",
                "url": "https://github.com/amphp/http.git",
                "reference": "5006170d6d230c48d9dd9487ed0c25939039cfcd"
            },
            "dist": {
                "type": "zip",
                "url": "https://api.github.com/repos/amphp/http/zipball/5006170d6d230c48d9dd9487ed0c25939039cfcd",
                "reference": "5006170d6d230c48d9dd9487ed0c25939039cfcd",
                "shasum": ""
            },
            "require": {
                "amphp/hpack": "^3",
                "php": ">=7.1"
            },
            "require-dev": {
                "amphp/php-cs-fixer-config": "^2-dev",
                "phpunit/phpunit": "^9 || ^8 || ^7"
            },
            "default-branch": true,
            "type": "library",
            "extra": {
                "branch-alias": {
                    "dev-master": "1.x-dev"
                }
            },
            "autoload": {
                "files": [
                    "src/functions.php"
                ],
                "psr-4": {
                    "Amp\\Http\\": "src"
                }
            },
            "notification-url": "https://packagist.org/downloads/",
            "license": [
                "MIT"
            ],
            "authors": [
                {
                    "name": "Niklas Keller",
                    "email": "me@kelunik.com"
                }
            ],
            "description": "Basic HTTP primitives which can be shared by servers and clients.",
            "support": {
                "issues": "https://github.com/amphp/http/issues",
                "source": "https://github.com/amphp/http/tree/master"
            },
            "funding": [
                {
                    "url": "https://github.com/amphp",
                    "type": "github"
                }
            ],
            "time": "2022-02-20T20:22:09+00:00"
        },
        {
            "name": "amphp/http-client",
            "version": "v5.x-dev",
            "source": {
                "type": "git",
                "url": "https://github.com/amphp/http-client.git",
                "reference": "c77a05e6ac3e1eb523b1e49fbd047f9beffe67f9"
            },
            "dist": {
                "type": "zip",
                "url": "https://api.github.com/repos/amphp/http-client/zipball/c77a05e6ac3e1eb523b1e49fbd047f9beffe67f9",
                "reference": "c77a05e6ac3e1eb523b1e49fbd047f9beffe67f9",
                "shasum": ""
            },
            "require": {
                "amphp/amp": "^3",
                "amphp/byte-stream": "^2",
                "amphp/hpack": "^3",
                "amphp/http": "^1.6",
                "amphp/socket": "^2",
                "amphp/sync": "^2",
                "league/uri": "^6",
                "php": ">=8.1",
                "psr/http-message": "^1"
            },
            "require-dev": {
                "amphp/file": "^3-dev",
                "amphp/http-server": "^3",
                "amphp/php-cs-fixer-config": "^2-dev",
                "amphp/phpunit-util": "^3",
                "ext-json": "*",
                "kelunik/link-header-rfc5988": "^1",
                "laminas/laminas-diactoros": "^2.3",
                "phpunit/phpunit": "^9",
                "psalm/phar": "^4.7"
            },
            "suggest": {
                "amphp/file": "Required for file request bodies and HTTP archive logging",
                "ext-json": "Required for logging HTTP archives",
                "ext-zlib": "Allows using compression for response bodies."
            },
            "type": "library",
            "extra": {
                "branch-alias": {
                    "dev-master": "4.x-dev"
                }
            },
            "autoload": {
                "files": [
                    "src/Internal/functions.php"
                ],
                "psr-4": {
                    "Amp\\Http\\Client\\": "src"
                }
            },
            "notification-url": "https://packagist.org/downloads/",
            "license": [
                "MIT"
            ],
            "authors": [
                {
                    "name": "Daniel Lowrey",
                    "email": "rdlowrey@gmail.com"
                },
                {
                    "name": "Niklas Keller",
                    "email": "me@kelunik.com"
                },
                {
                    "name": "Aaron Piotrowski",
                    "email": "aaron@trowski.com"
                }
            ],
            "description": "Non-blocking concurrent HTTP/2 and HTTP/1.1 client based on Amp and Revolt.",
            "homepage": "https://github.com/amphp/http-client",
            "keywords": [
                "async",
                "client",
                "concurrent",
                "http",
                "non-blocking",
                "rest"
            ],
            "support": {
                "issues": "https://github.com/amphp/http-client/issues",
                "source": "https://github.com/amphp/http-client/tree/v5"
            },
            "funding": [
                {
                    "url": "https://github.com/amphp",
                    "type": "github"
                }
            ],
            "time": "2022-03-28T23:20:05+00:00"
        },
        {
            "name": "amphp/parser",
            "version": "v1.0.0",
            "source": {
                "type": "git",
                "url": "https://github.com/amphp/parser.git",
                "reference": "f83e68f03d5b8e8e0365b8792985a7f341c57ae1"
            },
            "dist": {
                "type": "zip",
                "url": "https://api.github.com/repos/amphp/parser/zipball/f83e68f03d5b8e8e0365b8792985a7f341c57ae1",
                "reference": "f83e68f03d5b8e8e0365b8792985a7f341c57ae1",
                "shasum": ""
            },
            "require": {
                "php": ">=7"
            },
            "require-dev": {
                "friendsofphp/php-cs-fixer": "^2.3",
                "phpunit/phpunit": "^6"
            },
            "type": "library",
            "autoload": {
                "psr-4": {
                    "Amp\\Parser\\": "lib"
                }
            },
            "notification-url": "https://packagist.org/downloads/",
            "license": [
                "MIT"
            ],
            "authors": [
                {
                    "name": "Niklas Keller",
                    "email": "me@kelunik.com"
                },
                {
                    "name": "Aaron Piotrowski",
                    "email": "aaron@trowski.com"
                }
            ],
            "description": "A generator parser to make streaming parsers simple.",
            "homepage": "https://github.com/amphp/parser",
            "keywords": [
                "async",
                "non-blocking",
                "parser",
                "stream"
            ],
            "support": {
                "issues": "https://github.com/amphp/parser/issues",
                "source": "https://github.com/amphp/parser/tree/is-valid"
            },
            "time": "2017-06-06T05:29:10+00:00"
        },
        {
            "name": "amphp/pipeline",
            "version": "dev-master",
            "source": {
                "type": "git",
                "url": "https://github.com/amphp/pipeline.git",
                "reference": "c21db4db96000dc7a6672790b16dde8bfa3d36a6"
            },
            "dist": {
                "type": "zip",
                "url": "https://api.github.com/repos/amphp/pipeline/zipball/c21db4db96000dc7a6672790b16dde8bfa3d36a6",
                "reference": "c21db4db96000dc7a6672790b16dde8bfa3d36a6",
                "shasum": ""
            },
            "require": {
                "amphp/amp": "^3",
                "php": ">=8.1",
                "revolt/event-loop": "^0.2"
            },
            "require-dev": {
                "amphp/php-cs-fixer-config": "^2-dev",
                "amphp/phpunit-util": "^3",
                "jetbrains/phpstorm-stubs": "^2021.3",
                "phpunit/phpunit": "^9",
                "psalm/phar": "^4.12"
            },
            "default-branch": true,
            "type": "library",
            "extra": {
                "branch-alias": {
                    "dev-master": "v1.x-dev"
                }
            },
            "autoload": {
                "psr-4": {
                    "Amp\\Pipeline\\": "src"
                }
            },
            "notification-url": "https://packagist.org/downloads/",
            "license": [
                "MIT"
            ],
            "authors": [
                {
                    "name": "Aaron Piotrowski",
                    "email": "aaron@trowski.com"
                },
                {
                    "name": "Niklas Keller",
                    "email": "me@kelunik.com"
                }
            ],
            "description": "Asynchronous iterators and operators.",
            "homepage": "https://amphp.org/pipeline",
            "keywords": [
                "amp",
                "amphp",
                "async",
                "io",
                "iterator",
                "non-blocking"
            ],
            "support": {
                "issues": "https://github.com/amphp/pipeline/issues",
                "source": "https://github.com/amphp/pipeline/tree/v1.0.0-beta.4"
            },
            "funding": [
                {
                    "url": "https://github.com/amphp",
                    "type": "github"
                }
            ],
            "time": "2022-02-24T19:17:20+00:00"
        },
        {
            "name": "amphp/process",
            "version": "v2.x-dev",
            "source": {
                "type": "git",
                "url": "https://github.com/amphp/process.git",
                "reference": "509742a0ac6e9253cfd38f10039ddd8768300d57"
            },
            "dist": {
                "type": "zip",
                "url": "https://api.github.com/repos/amphp/process/zipball/509742a0ac6e9253cfd38f10039ddd8768300d57",
                "reference": "509742a0ac6e9253cfd38f10039ddd8768300d57",
                "shasum": ""
            },
            "require": {
                "amphp/amp": "^3",
                "amphp/byte-stream": "^2",
                "php": ">=8",
                "revolt/event-loop": "^0.2"
            },
            "require-dev": {
                "amphp/php-cs-fixer-config": "^2-dev",
                "amphp/phpunit-util": "^3",
                "jetbrains/phpstorm-attributes": "^1.0",
                "phpunit/phpunit": "^9",
                "psalm/phar": "^4.15"
            },
            "type": "library",
            "autoload": {
                "files": [
                    "src/functions.php"
                ],
                "psr-4": {
                    "Amp\\Process\\": "src"
                }
            },
            "notification-url": "https://packagist.org/downloads/",
            "license": [
                "MIT"
            ],
            "authors": [
                {
                    "name": "Bob Weinand",
                    "email": "bobwei9@hotmail.com"
                },
                {
                    "name": "Aaron Piotrowski",
                    "email": "aaron@trowski.com"
                },
                {
                    "name": "Niklas Keller",
                    "email": "me@kelunik.com"
                }
            ],
            "description": "A fiber-aware process manager based on Amp and Revolt.",
            "homepage": "https://github.com/amphp/process",
            "support": {
                "issues": "https://github.com/amphp/process/issues",
                "source": "https://github.com/amphp/process/tree/v2"
            },
            "funding": [
                {
                    "url": "https://github.com/amphp",
                    "type": "github"
                }
            ],
            "time": "2022-02-02T23:08:25+00:00"
        },
        {
            "name": "amphp/serialization",
            "version": "v1.0.0",
            "source": {
                "type": "git",
                "url": "https://github.com/amphp/serialization.git",
                "reference": "693e77b2fb0b266c3c7d622317f881de44ae94a1"
            },
            "dist": {
                "type": "zip",
                "url": "https://api.github.com/repos/amphp/serialization/zipball/693e77b2fb0b266c3c7d622317f881de44ae94a1",
                "reference": "693e77b2fb0b266c3c7d622317f881de44ae94a1",
                "shasum": ""
            },
            "require": {
                "php": ">=7.1"
            },
            "require-dev": {
                "amphp/php-cs-fixer-config": "dev-master",
                "phpunit/phpunit": "^9 || ^8 || ^7"
            },
            "type": "library",
            "autoload": {
                "files": [
                    "src/functions.php"
                ],
                "psr-4": {
                    "Amp\\Serialization\\": "src"
                }
            },
            "notification-url": "https://packagist.org/downloads/",
            "license": [
                "MIT"
            ],
            "authors": [
                {
                    "name": "Aaron Piotrowski",
                    "email": "aaron@trowski.com"
                },
                {
                    "name": "Niklas Keller",
                    "email": "me@kelunik.com"
                }
            ],
            "description": "Serialization tools for IPC and data storage in PHP.",
            "homepage": "https://github.com/amphp/serialization",
            "keywords": [
                "async",
                "asynchronous",
                "serialization",
                "serialize"
            ],
            "support": {
                "issues": "https://github.com/amphp/serialization/issues",
                "source": "https://github.com/amphp/serialization/tree/master"
            },
            "time": "2020-03-25T21:39:07+00:00"
        },
        {
            "name": "amphp/socket",
            "version": "v2.x-dev",
            "source": {
                "type": "git",
                "url": "https://github.com/amphp/socket.git",
                "reference": "e13c35a9d1f23f9da63dc9c3831dd40efb83860e"
            },
            "dist": {
                "type": "zip",
                "url": "https://api.github.com/repos/amphp/socket/zipball/e13c35a9d1f23f9da63dc9c3831dd40efb83860e",
                "reference": "e13c35a9d1f23f9da63dc9c3831dd40efb83860e",
                "shasum": ""
            },
            "require": {
                "amphp/amp": "^3",
                "amphp/byte-stream": "^2",
                "amphp/dns": "^2",
                "ext-openssl": "*",
                "kelunik/certificate": "^1.1",
                "league/uri": "^6.5",
                "php": ">=8.1",
                "revolt/event-loop": "^0.2"
            },
            "require-dev": {
                "amphp/php-cs-fixer-config": "^2-dev",
                "amphp/phpunit-util": "^3",
                "phpunit/phpunit": "^9",
                "psalm/phar": "^4.20"
            },
            "type": "library",
            "extra": {
                "branch-alias": {
                    "dev-master": "1.x-dev"
                }
            },
            "autoload": {
                "files": [
                    "src/functions.php",
                    "src/Internal/functions.php",
                    "src/SocketAddress/functions.php"
                ],
                "psr-4": {
                    "Amp\\Socket\\": "src"
                }
            },
            "notification-url": "https://packagist.org/downloads/",
            "license": [
                "MIT"
            ],
            "authors": [
                {
                    "name": "Daniel Lowrey",
                    "email": "rdlowrey@gmail.com"
                },
                {
                    "name": "Aaron Piotrowski",
                    "email": "aaron@trowski.com"
                },
                {
                    "name": "Niklas Keller",
                    "email": "me@kelunik.com"
                }
            ],
            "description": "Non-blocking socket connection / server implementations based on Amp and Revolt.",
            "homepage": "https://github.com/amphp/socket",
            "keywords": [
                "amp",
                "async",
                "encryption",
                "non-blocking",
                "sockets",
                "tcp",
                "tls"
            ],
            "support": {
                "issues": "https://github.com/amphp/socket/issues",
                "source": "https://github.com/amphp/socket/tree/v2"
            },
            "funding": [
                {
                    "url": "https://github.com/amphp",
                    "type": "github"
                }
            ],
            "time": "2022-04-03T17:16:29+00:00"
        },
        {
            "name": "amphp/sync",
            "version": "v2.x-dev",
            "source": {
                "type": "git",
                "url": "https://github.com/amphp/sync.git",
                "reference": "73d8a7ecb4234ce23d7820f3ade6b4b9dc7d1420"
            },
            "dist": {
                "type": "zip",
                "url": "https://api.github.com/repos/amphp/sync/zipball/73d8a7ecb4234ce23d7820f3ade6b4b9dc7d1420",
                "reference": "73d8a7ecb4234ce23d7820f3ade6b4b9dc7d1420",
                "shasum": ""
            },
            "require": {
                "amphp/amp": "^3",
                "amphp/pipeline": "^1",
                "amphp/serialization": "^1",
                "php": ">=8.1",
                "revolt/event-loop": "^0.2"
            },
            "require-dev": {
                "amphp/php-cs-fixer-config": "^2-dev",
                "amphp/phpunit-util": "^3",
                "phpunit/phpunit": "^9",
                "psalm/phar": "^4.19"
            },
            "type": "library",
            "autoload": {
                "files": [
                    "src/functions.php"
                ],
                "psr-4": {
                    "Amp\\Sync\\": "src"
                }
            },
            "notification-url": "https://packagist.org/downloads/",
            "license": [
                "MIT"
            ],
            "authors": [
                {
                    "name": "Aaron Piotrowski",
                    "email": "aaron@trowski.com"
                },
                {
                    "name": "Stephen Coakley",
                    "email": "me@stephencoakley.com"
                }
            ],
            "description": "Mutex, Semaphore, and other synchronization tools for Amp.",
            "homepage": "https://github.com/amphp/sync",
            "keywords": [
                "async",
                "asynchronous",
                "mutex",
                "semaphore",
                "synchronization"
            ],
            "support": {
                "issues": "https://github.com/amphp/sync/issues",
                "source": "https://github.com/amphp/sync/tree/v2"
            },
            "funding": [
                {
                    "url": "https://github.com/amphp",
                    "type": "github"
                }
            ],
            "time": "2022-04-03T17:43:27+00:00"
        },
        {
            "name": "amphp/windows-registry",
            "version": "v1.x-dev",
            "source": {
                "type": "git",
                "url": "https://github.com/amphp/windows-registry.git",
                "reference": "a5706b098950b6b01011d2f70e82599c5d4b2a19"
            },
            "dist": {
                "type": "zip",
                "url": "https://api.github.com/repos/amphp/windows-registry/zipball/a5706b098950b6b01011d2f70e82599c5d4b2a19",
                "reference": "a5706b098950b6b01011d2f70e82599c5d4b2a19",
                "shasum": ""
            },
            "require": {
                "amphp/byte-stream": "^2",
                "amphp/process": "^2",
                "php": ">=8"
            },
            "require-dev": {
                "amphp/php-cs-fixer-config": "dev-master",
                "psalm/phar": "^4.15"
            },
            "type": "library",
            "autoload": {
                "psr-4": {
                    "Amp\\WindowsRegistry\\": "src"
                }
            },
            "notification-url": "https://packagist.org/downloads/",
            "license": [
                "MIT"
            ],
            "authors": [
                {
                    "name": "Niklas Keller",
                    "email": "me@kelunik.com"
                }
            ],
            "description": "Windows Registry Reader.",
            "support": {
                "issues": "https://github.com/amphp/windows-registry/issues",
                "source": "https://github.com/amphp/windows-registry/tree/v1"
            },
            "funding": [
                {
                    "url": "https://github.com/amphp",
                    "type": "github"
                }
            ],
            "time": "2021-12-14T18:45:39+00:00"
        },
        {
            "name": "daverandom/libdns",
            "version": "2.x-dev",
            "source": {
                "type": "git",
                "url": "https://github.com/DaveRandom/LibDNS.git",
                "reference": "e8b6d6593d18ac3a6a14666d8a68a4703b2e05f9"
            },
            "dist": {
                "type": "zip",
                "url": "https://api.github.com/repos/DaveRandom/LibDNS/zipball/e8b6d6593d18ac3a6a14666d8a68a4703b2e05f9",
                "reference": "e8b6d6593d18ac3a6a14666d8a68a4703b2e05f9",
                "shasum": ""
            },
            "require": {
                "ext-ctype": "*",
                "php": ">=7.0"
            },
            "suggest": {
                "ext-intl": "Required for IDN support"
            },
            "type": "library",
            "autoload": {
                "files": [
                    "src/functions.php"
                ],
                "psr-4": {
                    "LibDNS\\": "src/"
                }
            },
            "notification-url": "https://packagist.org/downloads/",
            "license": [
                "MIT"
            ],
            "description": "DNS protocol implementation written in pure PHP",
            "keywords": [
                "dns"
            ],
            "support": {
                "issues": "https://github.com/DaveRandom/LibDNS/issues",
                "source": "https://github.com/DaveRandom/LibDNS/tree/2.x"
            },
            "time": "2019-12-03T09:12:46+00:00"
        },
        {
            "name": "kelunik/certificate",
            "version": "dev-master",
            "source": {
                "type": "git",
                "url": "https://github.com/kelunik/certificate.git",
                "reference": "47dcc659fe73ae040ae17d068a4fc8777813f0fb"
            },
            "dist": {
                "type": "zip",
                "url": "https://api.github.com/repos/kelunik/certificate/zipball/47dcc659fe73ae040ae17d068a4fc8777813f0fb",
                "reference": "47dcc659fe73ae040ae17d068a4fc8777813f0fb",
                "shasum": ""
            },
            "require": {
                "ext-openssl": "*",
                "php": ">=7.0"
            },
            "require-dev": {
                "amphp/php-cs-fixer-config": "dev-master",
                "phpunit/phpunit": "^6 | 7"
            },
            "default-branch": true,
            "type": "library",
            "extra": {
                "branch-alias": {
                    "dev-master": "1.x-dev"
                }
            },
            "autoload": {
                "psr-4": {
                    "Kelunik\\Certificate\\": "lib"
                }
            },
            "notification-url": "https://packagist.org/downloads/",
            "license": [
                "MIT"
            ],
            "authors": [
                {
                    "name": "Niklas Keller",
                    "email": "me@kelunik.com"
                }
            ],
            "description": "Access certificate details and transform between different formats.",
            "keywords": [
                "DER",
                "certificate",
                "certificates",
                "openssl",
                "pem",
                "x509"
            ],
            "support": {
                "issues": "https://github.com/kelunik/certificate/issues",
                "source": "https://github.com/kelunik/certificate/tree/master"
            },
            "time": "2020-01-29T20:07:08+00:00"
        },
        {
            "name": "league/uri",
            "version": "dev-master",
            "source": {
                "type": "git",
                "url": "https://github.com/thephpleague/uri.git",
                "reference": "a81ac4045a5766d5729191a4b0fd450a79570c51"
            },
            "dist": {
                "type": "zip",
                "url": "https://api.github.com/repos/thephpleague/uri/zipball/a81ac4045a5766d5729191a4b0fd450a79570c51",
                "reference": "a81ac4045a5766d5729191a4b0fd450a79570c51",
                "shasum": ""
            },
            "require": {
                "ext-json": "*",
                "league/uri-interfaces": "^2.3",
                "php": "^7.4 || ^8.0",
                "psr/http-message": "^1.0"
            },
            "conflict": {
                "league/uri-schemes": "^1.0"
            },
            "require-dev": {
                "friendsofphp/php-cs-fixer": "^v3.3.2",
                "phpstan/phpstan": "^1.2.0",
                "phpstan/phpstan-deprecation-rules": "^1.0",
                "phpstan/phpstan-phpunit": "^1.0.0",
                "phpstan/phpstan-strict-rules": "^1.1.0",
                "phpunit/phpunit": "^9.5.10",
                "psr/http-factory": "^1.0"
            },
            "suggest": {
                "ext-fileinfo": "Needed to create Data URI from a filepath",
                "ext-intl": "Needed to improve host validation",
                "league/uri-components": "Needed to easily manipulate URI objects",
                "psr/http-factory": "Needed to use the URI factory"
            },
            "default-branch": true,
            "type": "library",
            "extra": {
                "branch-alias": {
                    "dev-master": "6.x-dev"
                }
            },
            "autoload": {
                "psr-4": {
                    "League\\Uri\\": "src"
                }
            },
            "notification-url": "https://packagist.org/downloads/",
            "license": [
                "MIT"
            ],
            "authors": [
                {
                    "name": "Ignace Nyamagana Butera",
                    "email": "nyamsprod@gmail.com",
                    "homepage": "https://nyamsprod.com"
                }
            ],
            "description": "URI manipulation library",
            "homepage": "https://uri.thephpleague.com",
            "keywords": [
                "data-uri",
                "file-uri",
                "ftp",
                "hostname",
                "http",
                "https",
                "middleware",
                "parse_str",
                "parse_url",
                "psr-7",
                "query-string",
                "querystring",
                "rfc3986",
                "rfc3987",
                "rfc6570",
                "uri",
                "uri-template",
                "url",
                "ws"
            ],
            "support": {
                "docs": "https://uri.thephpleague.com",
                "forum": "https://thephpleague.slack.com",
                "issues": "https://github.com/thephpleague/uri/issues",
                "source": "https://github.com/thephpleague/uri/tree/master"
            },
            "funding": [
                {
                    "url": "https://github.com/sponsors/nyamsprod",
                    "type": "github"
                }
            ],
            "time": "2022-04-02T09:52:39+00:00"
        },
        {
            "name": "league/uri-interfaces",
            "version": "dev-master",
            "source": {
                "type": "git",
                "url": "https://github.com/thephpleague/uri-interfaces.git",
                "reference": "019ef6bf29c691fdef904d63877676d69fe77b80"
            },
            "dist": {
                "type": "zip",
                "url": "https://api.github.com/repos/thephpleague/uri-interfaces/zipball/019ef6bf29c691fdef904d63877676d69fe77b80",
                "reference": "019ef6bf29c691fdef904d63877676d69fe77b80",
                "shasum": ""
            },
            "require": {
                "ext-json": "*",
                "php": "^7.2 || ^8.0"
            },
            "require-dev": {
                "friendsofphp/php-cs-fixer": "^2.19",
                "phpstan/phpstan": "^0.12.90",
                "phpstan/phpstan-phpunit": "^0.12.19",
                "phpstan/phpstan-strict-rules": "^0.12.9",
                "phpunit/phpunit": "^8.5.15 || ^9.5"
            },
            "suggest": {
                "ext-intl": "to use the IDNA feature",
                "symfony/polyfill-intl-idn": "to use the IDNA feature via Symfony Polyfill"
            },
            "default-branch": true,
            "type": "library",
            "extra": {
                "branch-alias": {
                    "dev-master": "2.x-dev"
                }
            },
            "autoload": {
                "psr-4": {
                    "League\\Uri\\": "src/"
                }
            },
            "notification-url": "https://packagist.org/downloads/",
            "license": [
                "MIT"
            ],
            "authors": [
                {
                    "name": "Ignace Nyamagana Butera",
                    "email": "nyamsprod@gmail.com",
                    "homepage": "https://nyamsprod.com"
                }
            ],
            "description": "Common interface for URI representation",
            "homepage": "https://github.com/thephpleague/uri-interfaces",
            "keywords": [
                "rfc3986",
                "rfc3987",
                "uri",
                "url"
            ],
            "support": {
                "issues": "https://github.com/thephpleague/uri-interfaces/issues",
                "source": "https://github.com/thephpleague/uri-interfaces/tree/master"
            },
            "funding": [
                {
                    "url": "https://github.com/sponsors/nyamsprod",
                    "type": "github"
                }
            ],
            "time": "2021-12-03T18:10:15+00:00"
        },
        {
            "name": "psr/http-message",
            "version": "dev-master",
            "source": {
                "type": "git",
                "url": "https://github.com/php-fig/http-message.git",
                "reference": "efd67d1dc14a7ef4fc4e518e7dee91c271d524e4"
            },
            "dist": {
                "type": "zip",
                "url": "https://api.github.com/repos/php-fig/http-message/zipball/efd67d1dc14a7ef4fc4e518e7dee91c271d524e4",
                "reference": "efd67d1dc14a7ef4fc4e518e7dee91c271d524e4",
                "shasum": ""
            },
            "require": {
                "php": ">=5.3.0"
            },
            "default-branch": true,
            "type": "library",
            "extra": {
                "branch-alias": {
                    "dev-master": "1.0.x-dev"
                }
            },
            "autoload": {
                "psr-4": {
                    "Psr\\Http\\Message\\": "src/"
                }
            },
            "notification-url": "https://packagist.org/downloads/",
            "license": [
                "MIT"
            ],
            "authors": [
                {
                    "name": "PHP-FIG",
                    "homepage": "http://www.php-fig.org/"
                }
            ],
            "description": "Common interface for HTTP messages",
            "homepage": "https://github.com/php-fig/http-message",
            "keywords": [
                "http",
                "http-message",
                "psr",
                "psr-7",
                "request",
                "response"
            ],
            "support": {
                "source": "https://github.com/php-fig/http-message/tree/master"
            },
            "time": "2019-08-29T13:16:46+00:00"
        },
        {
            "name": "revolt/event-loop",
            "version": "v0.2.4",
            "source": {
                "type": "git",
                "url": "https://github.com/revoltphp/event-loop.git",
                "reference": "ae8162e3de46ab754cdf0b3fc39ea24c56df47b1"
            },
            "dist": {
                "type": "zip",
                "url": "https://api.github.com/repos/revoltphp/event-loop/zipball/ae8162e3de46ab754cdf0b3fc39ea24c56df47b1",
                "reference": "ae8162e3de46ab754cdf0b3fc39ea24c56df47b1",
                "shasum": ""
            },
            "require": {
                "php": ">=8.0.7"
            },
            "require-dev": {
                "ext-json": "*",
                "jetbrains/phpstorm-stubs": "^2019.3",
                "phpunit/phpunit": "^9",
                "psalm/phar": "^4.7"
            },
            "type": "library",
            "extra": {
                "branch-alias": {
                    "dev-main": "1.x-dev"
                }
            },
            "autoload": {
                "psr-4": {
                    "Revolt\\": "src"
                }
            },
            "notification-url": "https://packagist.org/downloads/",
            "license": [
                "MIT"
            ],
            "authors": [
                {
                    "name": "Aaron Piotrowski",
                    "email": "aaron@trowski.com"
                },
                {
                    "name": "Cees-Jan Kiewiet",
                    "email": "ceesjank@gmail.com"
                },
                {
                    "name": "Christian Lück",
                    "email": "christian@clue.engineering"
                },
                {
                    "name": "Niklas Keller",
                    "email": "me@kelunik.com"
                }
            ],
            "description": "Rock-solid event loop for concurrent PHP applications.",
            "keywords": [
                "async",
                "asynchronous",
                "concurrency",
                "event",
                "event-loop",
                "non-blocking",
                "scheduler"
            ],
            "support": {
                "issues": "https://github.com/revoltphp/event-loop/issues",
                "source": "https://github.com/revoltphp/event-loop/tree/v0.2.4"
            },
            "time": "2022-03-04T20:47:22+00:00"
        }
    ],
    "packages-dev": [],
    "aliases": [],
    "minimum-stability": "dev",
    "stability-flags": {
        "amphp/http-client": 20
    },
    "prefer-stable": false,
    "prefer-lowest": false,
    "platform": {
        "php": "8.1.*"
    },
    "platform-dev": [],
    "plugin-api-version": "2.0.0"
}
